{
  "name": "rempahwarisanbernam",
  "lockfileVersion": 3,
  "requires": true,
  "packages": {
    "": {
      "name": "rempah-warisan-bernam-static",
      "version": "1.0.0",
      "license": "ISC",
      "devDependencies": {
        "tailwindcss": "^3.4.3"
      }
    },
    "node_modules/@alloc/quick-lru": {
      "version": "5.2.0",
      "resolved": "https://registry.npmjs.org/@alloc/quick-lru/-/quick-lru-5.2.0.tgz",
      "integrity": "sha512-UoEwQEkYf+xSgP+k6/nJ/U/y+x/y+x/y+x/y+x/y+x/y+x/y+x/y+x/y+x/y+x/y+x/y+x/y+x/y+x/y+x/y+x/y+x/y+x/y+x/y+x/y+x/y+x/y+x/y+x/y+x/y+x/y+x/y+x/y+x/y+x/y+x/y+x/y+x/y+x/y+x/y+x/y+x/y+x/y+x/y+x/y+x/y+x/y+x/y+x/y+x/y+x/y+x/y+x/y+x/y+x/y+x/y+x/y+x/y+x/y+x/y+x/y+x/y+x/y+x/y+x/y+x/y+x/y+x/y+x/y+x/y+x/y+x/y+x/y+x/y+x/y+x/y+x/y+x/y+x/y+x/y+x/y+x/y+x/y+x/y+x/y+x/y+x/y+x/y+x/y+x/y+x/y+x/y+x/y+x/y+x/y+x/y+x/y+x/y+x/y+x/y+x/y+x/y+x/y+x/y+x/y+x/y+x/y+x/y+x/y+x/y+x/y+x/y+x/y+x/y+x/y+x/y+x/y+x/y+x/y+x/y+x/y+x/y+x/y+x/y+x/y+x/y+x/y+x/y+x/y+x/y+x/y+x/y+x/y+x/y+x/y+x/y+x/y+x/y+x/y+x/y+x/y+x/y+x/y+x/y+x/y+x/y+x/y+x/y+x/y+x/y+x/y+x/y+x/y+x/y+x/y+x/y+x/y+x/y+x/y+x/y+x/y+x/y+x/y+x/y+x/y+x/y+x/y+x/y+x/y+x/y+x/y+x/y+x/y+x/y+x/y+x/y+x/y+x/y+x/y+x/y+x/y+x/y+x/y+x/y+x/y+x/y+x/y+x/y+x/y+x/y+x/y+x/y+x/y+x/y+x/y+x/y+x/y+x/y+x/y+x/y+x/y+x/y+x/y+x/y+x/y+x/y+x/y+x/y+x/y+x/y+x/y+x/y+x/y+x/y+x/y+x/y+x/y+x/y+x/y+x/y+x/y+x/y+x/y+x/y+x/y+x/y+x/y+x/y+x/y+x/y+x/y+x/y+x/y+x/y+x/y+x/y+x/y+x/y+x/y+x/y+x/y+x/y+x/y+x/y+x/y+x/y+x/y+x/y+x/y+x/y+x/y+x/y+x/y+x/y+x/y+x/y+x/y+x/y+x/y+x/y+x/y+x/y+x/y+x/y+x/y+x/y+x/y+x/y+x/y+x/y+x/y+x/y+x/y+x/y+x/y+x/y+x/y+x/y+x/y+x/y+x/y+x/y+x/y+x/y+x/y+x/y+x/y+x/y+x/y+x/y+x/y+x/y+x/y+x/y+x/y+x/y+x/y+x/y+x/y+x/y+x/y+x/y+x/y+x/y+x/y+x/y+x/y+x/y+x/y+x/y+x/y+x/y+x/y+x/y+x/y+x/y+x/y+x/y+x/y+x/y+x/y+x/y+x/y+x/y+x/y+x/y+x/y+x/y+x/y+x/y+x/y+x/y+x/y+x/y+x/y+x/y+x/y+x/y+x/y+x/y+x/y+x/y+x/y+x/y+x/y+x/y+x/y+x/y+x/y+x/y+x/y+x/y+x/y+x/y+x/y+x/y+x/y+x/y+x/y+x/y+x/y+x/y+x/y+x/y+x/y+x/y+x/y+x/y+x/y+x/y+x/y+x/y+x/y+x/y+x/y+x/y+x/y+x/y+x/y+x/y+x/y+x/y+x/y+x/y+x/y+x/y+x/y+x/y+x/y+x/y+x/y+x/y+x/y+x/y+x/y+x/y+x/y+x/y+x/y+x/y+x/y+x/y+x/y+x/y+x/y+x/y+x/y+x/y+x/y+x/y+x/y+x/y+x/y+x/y+x/y+x/y+x/y+x/y+x/y+x/y+x/y+x/y+x/y+x/y+x/y+x/y+x/y+x/y+x/y+x/y+x/y+x/y+x/y+x/y+x/y+x/y+x/y+x/y+x/y+x/y+x/y+x/y+x/y+x/y+x/y+x/y+x/y+x/y+x/y+x/y+x/y+x/y+x/y+x/y+x/y+x/y+x/y+x/y+x/y+x/y+x/y+
}
